// !$*UTF8*$!
{
	archiveVersion = 1;
	classes = {
	};
	objectVersion = 46;
	objects = {

/* Begin PBXBuildFile section */
		E09DA09B1ECB717F008BC645 /* AppDelegate.swift in Sources */ = {isa = PBXBuildFile; fileRef = E09DA09A1ECB717F008BC645 /* AppDelegate.swift */; };
		E09DA09D1ECB717F008BC645 /* ViewController.swift in Sources */ = {isa = PBXBuildFile; fileRef = E09DA09C1ECB717F008BC645 /* ViewController.swift */; };
		E09DA0A01ECB717F008BC645 /* Main.storyboard in Resources */ = {isa = PBXBuildFile; fileRef = E09DA09E1ECB717F008BC645 /* Main.storyboard */; };
		E09DA0A21ECB717F008BC645 /* Assets.xcassets in Resources */ = {isa = PBXBuildFile; fileRef = E09DA0A11ECB717F008BC645 /* Assets.xcassets */; };
		E09DA0A51ECB717F008BC645 /* LaunchScreen.storyboard in Resources */ = {isa = PBXBuildFile; fileRef = E09DA0A31ECB717F008BC645 /* LaunchScreen.storyboard */; };
		E09DA0B01ECB717F008BC645 /* Understanding_Touch_GesturesTests.swift in Sources */ = {isa = PBXBuildFile; fileRef = E09DA0AF1ECB717F008BC645 /* Understanding_Touch_GesturesTests.swift */; };
		E09DA0BB1ECB717F008BC645 /* Understanding_Touch_GesturesUITests.swift in Sources */ = {isa = PBXBuildFile; fileRef = E09DA0BA1ECB717F008BC645 /* Understanding_Touch_GesturesUITests.swift */; };
/* End PBXBuildFile section */

/* Begin PBXContainerItemProxy section */
		E09DA0AC1ECB717F008BC645 /* PBXContainerItemProxy */ = {
			isa = PBXContainerItemProxy;
			containerPortal = E09DA08F1ECB717F008BC645 /* Project object */;
			proxyType = 1;
			remoteGlobalIDString = E09DA0961ECB717F008BC645;
			remoteInfo = "Understanding Touch Gestures";
		};
		E09DA0B71ECB717F008BC645 /* PBXContainerItemProxy */ = {
			isa = PBXContainerItemProxy;
			containerPortal = E09DA08F1ECB717F008BC645 /* Project object */;
			proxyType = 1;
			remoteGlobalIDString = E09DA0961ECB717F008BC645;
			remoteInfo = "Understanding Touch Gestures";
		};
/* End PBXContainerItemProxy section */

/* Begin PBXFileReference section */
		E09DA0971ECB717F008BC645 /* Understanding Touch Gestures.app */ = {isa = PBXFileReference; explicitFileType = wrapper.application; includeInIndex = 0; path = "Understanding Touch Gestures.app"; sourceTree = BUILT_PRODUCTS_DIR; };
		E09DA09A1ECB717F008BC645 /* AppDelegate.swift */ = {isa = PBXFileReference; lastKnownFileType = sourcecode.swift; path = AppDelegate.swift; sourceTree = "<group>"; };
		E09DA09C1ECB717F008BC645 /* ViewController.swift */ = {isa = PBXFileReference; lastKnownFileType = sourcecode.swift; path = ViewController.swift; sourceTree = "<group>"; };
		E09DA09F1ECB717F008BC645 /* Base */ = {isa = PBXFileReference; lastKnownFileType = file.storyboard; name = Base; path = Base.lproj/Main.storyboard; sourceTree = "<group>"; };
		E09DA0A11ECB717F008BC645 /* Assets.xcassets */ = {isa = PBXFileReference; lastKnownFileType = folder.assetcatalog; path = Assets.xcassets; sourceTree = "<group>"; };
		E09DA0A41ECB717F008BC645 /* Base */ = {isa = PBXFileReference; lastKnownFileType = file.storyboard; name = Base; path = Base.lproj/LaunchScreen.storyboard; sourceTree = "<group>"; };
		E09DA0A61ECB717F008BC645 /* Info.plist */ = {isa = PBXFileReference; lastKnownFileType = text.plist.xml; path = Info.plist; sourceTree = "<group>"; };
		E09DA0AB1ECB717F008BC645 /* Understanding Touch GesturesTests.xctest */ = {isa = PBXFileReference; explicitFileType = wrapper.cfbundle; includeInIndex = 0; path = "Understanding Touch GesturesTests.xctest"; sourceTree = BUILT_PRODUCTS_DIR; };
		E09DA0AF1ECB717F008BC645 /* Understanding_Touch_GesturesTests.swift */ = {isa = PBXFileReference; lastKnownFileType = sourcecode.swift; path = Understanding_Touch_GesturesTests.swift; sourceTree = "<group>"; };
		E09DA0B11ECB717F008BC645 /* Info.plist */ = {isa = PBXFileReference; lastKnownFileType = text.plist.xml; path = Info.plist; sourceTree = "<group>"; };
		E09DA0B61ECB717F008BC645 /* Understanding Touch GesturesUITests.xctest */ = {isa = PBXFileReference; explicitFileType = wrapper.cfbundle; includeInIndex = 0; path = "Understanding Touch GesturesUITests.xctest"; sourceTree = BUILT_PRODUCTS_DIR; };
		E09DA0BA1ECB717F008BC645 /* Understanding_Touch_GesturesUITests.swift */ = {isa = PBXFileReference; lastKnownFileType = sourcecode.swift; path = Understanding_Touch_GesturesUITests.swift; sourceTree = "<group>"; };
		E09DA0BC1ECB717F008BC645 /* Info.plist */ = {isa = PBXFileReference; lastKnownFileType = text.plist.xml; path = Info.plist; sourceTree = "<group>"; };
/* End PBXFileReference section */

/* Begin PBXFrameworksBuildPhase section */
		E09DA0941ECB717F008BC645 /* Frameworks */ = {
			isa = PBXFrameworksBuildPhase;
			buildActionMask = 2147483647;
			files = (
			);
			runOnlyForDeploymentPostprocessing = 0;
		};
		E09DA0A81ECB717F008BC645 /* Frameworks */ = {
			isa = PBXFrameworksBuildPhase;
			buildActionMask = 2147483647;
			files = (
			);
			runOnlyForDeploymentPostprocessing = 0;
		};
		E09DA0B31ECB717F008BC645 /* Frameworks */ = {
			isa = PBXFrameworksBuildPhase;
			buildActionMask = 2147483647;
			files = (
			);
			runOnlyForDeploymentPostprocessing = 0;
		};
/* End PBXFrameworksBuildPhase section */

/* Begin PBXGroup section */
		E09DA08E1ECB717F008BC645 = {
			isa = PBXGroup;
			children = (
				E09DA0991ECB717F008BC645 /* Understanding Touch Gestures */,
				E09DA0AE1ECB717F008BC645 /* Understanding Touch GesturesTests */,
				E09DA0B91ECB717F008BC645 /* Understanding Touch GesturesUITests */,
				E09DA0981ECB717F008BC645 /* Products */,
			);
			sourceTree = "<group>";
		};
		E09DA0981ECB717F008BC645 /* Products */ = {
			isa = PBXGroup;
			children = (
				E09DA0971ECB717F008BC645 /* Understanding Touch Gestures.app */,
				E09DA0AB1ECB717F008BC645 /* Understanding Touch GesturesTests.xctest */,
				E09DA0B61ECB717F008BC645 /* Understanding Touch GesturesUITests.xctest */,
			);
			name = Products;
			sourceTree = "<group>";
		};
		E09DA0991ECB717F008BC645 /* Understanding Touch Gestures */ = {
			isa = PBXGroup;
			children = (
				E09DA09A1ECB717F008BC645 /* AppDelegate.swift */,
				E09DA09C1ECB717F008BC645 /* ViewController.swift */,
				E09DA09E1ECB717F008BC645 /* Main.storyboard */,
				E09DA0A11ECB717F008BC645 /* Assets.xcassets */,
				E09DA0A31ECB717F008BC645 /* LaunchScreen.storyboard */,
				E09DA0A61ECB717F008BC645 /* Info.plist */,
			);
			path = "Understanding Touch Gestures";
			sourceTree = "<group>";
		};
		E09DA0AE1ECB717F008BC645 /* Understanding Touch GesturesTests */ = {
			isa = PBXGroup;
			children = (
				E09DA0AF1ECB717F008BC645 /* Understanding_Touch_GesturesTests.swift */,
				E09DA0B11ECB717F008BC645 /* Info.plist */,
			);
			path = "Understanding Touch GesturesTests";
			sourceTree = "<group>";
		};
		E09DA0B91ECB717F008BC645 /* Understanding Touch GesturesUITests */ = {
			isa = PBXGroup;
			children = (
				E09DA0BA1ECB717F008BC645 /* Understanding_Touch_GesturesUITests.swift */,
				E09DA0BC1ECB717F008BC645 /* Info.plist */,
			);
			path = "Understanding Touch GesturesUITests";
			sourceTree = "<group>";
		};
/* End PBXGroup section */

/* Begin PBXNativeTarget section */
		E09DA0961ECB717F008BC645 /* Understanding Touch Gestures */ = {
			isa = PBXNativeTarget;
			buildConfigurationList = E09DA0BF1ECB717F008BC645 /* Build configuration list for PBXNativeTarget "Understanding Touch Gestures" */;
			buildPhases = (
				E09DA0931ECB717F008BC645 /* Sources */,
				E09DA0941ECB717F008BC645 /* Frameworks */,
				E09DA0951ECB717F008BC645 /* Resources */,
			);
			buildRules = (
			);
			dependencies = (
			);
			name = "Understanding Touch Gestures";
			productName = "Understanding Touch Gestures";
			productReference = E09DA0971ECB717F008BC645 /* Understanding Touch Gestures.app */;
			productType = "com.apple.product-type.application";
		};
		E09DA0AA1ECB717F008BC645 /* Understanding Touch GesturesTests */ = {
			isa = PBXNativeTarget;
			buildConfigurationList = E09DA0C21ECB717F008BC645 /* Build configuration list for PBXNativeTarget "Understanding Touch GesturesTests" */;
			buildPhases = (
				E09DA0A71ECB717F008BC645 /* Sources */,
				E09DA0A81ECB717F008BC645 /* Frameworks */,
				E09DA0A91ECB717F008BC645 /* Resources */,
			);
			buildRules = (
			);
			dependencies = (
				E09DA0AD1ECB717F008BC645 /* PBXTargetDependency */,
			);
			name = "Understanding Touch GesturesTests";
			productName = "Understanding Touch GesturesTests";
			productReference = E09DA0AB1ECB717F008BC645 /* Understanding Touch GesturesTests.xctest */;
			productType = "com.apple.product-type.bundle.unit-test";
		};
		E09DA0B51ECB717F008BC645 /* Understanding Touch GesturesUITests */ = {
			isa = PBXNativeTarget;
			buildConfigurationList = E09DA0C51ECB717F008BC645 /* Build configuration list for PBXNativeTarget "Understanding Touch GesturesUITests" */;
			buildPhases = (
				E09DA0B21ECB717F008BC645 /* Sources */,
				E09DA0B31ECB717F008BC645 /* Frameworks */,
				E09DA0B41ECB717F008BC645 /* Resources */,
			);
			buildRules = (
			);
			dependencies = (
				E09DA0B81ECB717F008BC645 /* PBXTargetDependency */,
			);
			name = "Understanding Touch GesturesUITests";
			productName = "Understanding Touch GesturesUITests";
			productReference = E09DA0B61ECB717F008BC645 /* Understanding Touch GesturesUITests.xctest */;
			productType = "com.apple.product-type.bundle.ui-testing";
		};
/* End PBXNativeTarget section */

/* Begin PBXProject section */
		E09DA08F1ECB717F008BC645 /* Project object */ = {
			isa = PBXProject;
			attributes = {
				LastSwiftUpdateCheck = 0830;
				LastUpgradeCheck = 0830;
				ORGANIZATIONNAME = "Rey Cerio";
				TargetAttributes = {
					E09DA0961ECB717F008BC645 = {
						CreatedOnToolsVersion = 8.3.2;
						DevelopmentTeam = AS82F53XC3;
						ProvisioningStyle = Automatic;
					};
					E09DA0AA1ECB717F008BC645 = {
						CreatedOnToolsVersion = 8.3.2;
						DevelopmentTeam = AS82F53XC3;
						ProvisioningStyle = Automatic;
						TestTargetID = E09DA0961ECB717F008BC645;
					};
					E09DA0B51ECB717F008BC645 = {
						CreatedOnToolsVersion = 8.3.2;
						DevelopmentTeam = AS82F53XC3;
						ProvisioningStyle = Automatic;
						TestTargetID = E09DA0961ECB717F008BC645;
					};
				};
			};
			buildConfigurationList = E09DA0921ECB717F008BC645 /* Build configuration list for PBXProject "Understanding Touch Gestures" */;
			compatibilityVersion = "Xcode 3.2";
			developmentRegion = English;
			hasScannedForEncodings = 0;
			knownRegions = (
				en,
				Base,
			);
			mainGroup = E09DA08E1ECB717F008BC645;
			productRefGroup = E09DA0981ECB717F008BC645 /* Products */;
			projectDirPath = "";
			projectRoot = "";
			targets = (
				E09DA0961ECB717F008BC645 /* Understanding Touch Gestures */,
				E09DA0AA1ECB717F008BC645 /* Understanding Touch GesturesTests */,
				E09DA0B51ECB717F008BC645 /* Understanding Touch GesturesUITests */,
			);
		};
/* End PBXProject section */

/* Begin PBXResourcesBuildPhase section */
		E09DA0951ECB717F008BC645 /* Resources */ = {
			isa = PBXResourcesBuildPhase;
			buildActionMask = 2147483647;
			files = (
				E09DA0A51ECB717F008BC645 /* LaunchScreen.storyboard in Resources */,
				E09DA0A21ECB717F008BC645 /* Assets.xcassets in Resources */,
				E09DA0A01ECB717F008BC645 /* Main.storyboard in Resources */,
			);
			runOnlyForDeploymentPostprocessing = 0;
		};
		E09DA0A91ECB717F008BC645 /* Resources */ = {
			isa = PBXResourcesBuildPhase;
			buildActionMask = 2147483647;
			files = (
			);
			runOnlyForDeploymentPostprocessing = 0;
		};
		E09DA0B41ECB717F008BC645 /* Resources */ = {
			isa = PBXResourcesBuildPhase;
			buildActionMask = 2147483647;
			files = (
			);
			runOnlyForDeploymentPostprocessing = 0;
		};
/* End PBXResourcesBuildPhase section */

/* Begin PBXSourcesBuildPhase section */
		E09DA0931ECB717F008BC645 /* Sources */ = {
			isa = PBXSourcesBuildPhase;
			buildActionMask = 2147483647;
			files = (
				E09DA09D1ECB717F008BC645 /* ViewController.swift in Sources */,
				E09DA09B1ECB717F008BC645 /* AppDelegate.swift in Sources */,
			);
			runOnlyForDeploymentPostprocessing = 0;
		};
		E09DA0A71ECB717F008BC645 /* Sources */ = {
			isa = PBXSourcesBuildPhase;
			buildActionMask = 2147483647;
			files = (
				E09DA0B01ECB717F008BC645 /* Understanding_Touch_GesturesTests.swift in Sources */,
			);
			runOnlyForDeploymentPostprocessing = 0;
		};
		E09DA0B21ECB717F008BC645 /* Sources */ = {
			isa = PBXSourcesBuildPhase;
			buildActionMask = 2147483647;
			files = (
				E09DA0BB1ECB717F008BC645 /* Understanding_Touch_GesturesUITests.swift in Sources */,
			);
			runOnlyForDeploymentPostprocessing = 0;
		};
/* End PBXSourcesBuildPhase section */

/* Begin PBXTargetDependency section */
		E09DA0AD1ECB717F008BC645 /* PBXTargetDependency */ = {
			isa = PBXTargetDependency;
			target = E09DA0961ECB717F008BC645 /* Understanding Touch Gestures */;
			targetProxy = E09DA0AC1ECB717F008BC645 /* PBXContainerItemProxy */;
		};
		E09DA0B81ECB717F008BC645 /* PBXTargetDependency */ = {
			isa = PBXTargetDependency;
			target = E09DA0961ECB717F008BC645 /* Understanding Touch Gestures */;
			targetProxy = E09DA0B71ECB717F008BC645 /* PBXContainerItemProxy */;
		};
/* End PBXTargetDependency section */

/* Begin PBXVariantGroup section */
		E09DA09E1ECB717F008BC645 /* Main.storyboard */ = {
			isa = PBXVariantGroup;
			children = (
				E09DA09F1ECB717F008BC645 /* Base */,
			);
			name = Main.storyboard;
			sourceTree = "<group>";
		};
		E09DA0A31ECB717F008BC645 /* LaunchScreen.storyboard */ = {
			isa = PBXVariantGroup;
			children = (
				E09DA0A41ECB717F008BC645 /* Base */,
			);
			name = LaunchScreen.storyboard;
			sourceTree = "<group>";
		};
/* End PBXVariantGroup section */

/* Begin XCBuildConfiguration section */
		E09DA0BD1ECB717F008BC645 /* Debug */ = {
			isa = XCBuildConfiguration;
			buildSettings = {
				ALWAYS_SEARCH_USER_PATHS = NO;
				CLANG_ANALYZER_NONNULL = YES;
				CLANG_ANALYZER_NUMBER_OBJECT_CONVERSION = YES_AGGRESSIVE;
				CLANG_CXX_LANGUAGE_STANDARD = "gnu++0x";
				CLANG_CXX_LIBRARY = "libc++";
				CLANG_ENABLE_MODULES = YES;
				CLANG_ENABLE_OBJC_ARC = YES;
				CLANG_WARN_BOOL_CONVERSION = YES;
				CLANG_WARN_CONSTANT_CONVERSION = YES;
				CLANG_WARN_DIRECT_OBJC_ISA_USAGE = YES_ERROR;
				CLANG_WARN_DOCUMENTATION_COMMENTS = YES;
				CLANG_WARN_EMPTY_BODY = YES;
				CLANG_WARN_ENUM_CONVERSION = YES;
				CLANG_WARN_INFINITE_RECURSION = YES;
				CLANG_WARN_INT_CONVERSION = YES;
				CLANG_WARN_OBJC_ROOT_CLASS = YES_ERROR;
				CLANG_WARN_SUSPICIOUS_MOVE = YES;
				CLANG_WARN_UNREACHABLE_CODE = YES;
				CLANG_WARN__DUPLICATE_METHOD_MATCH = YES;
				"CODE_SIGN_IDENTITY[sdk=iphoneos*]" = "iPhone Developer";
				COPY_PHASE_STRIP = NO;
				DEBUG_INFORMATION_FORMAT = dwarf;
				ENABLE_STRICT_OBJC_MSGSEND = YES;
				ENABLE_TESTABILITY = YES;
				GCC_C_LANGUAGE_STANDARD = gnu99;
				GCC_DYNAMIC_NO_PIC = NO;
				GCC_NO_COMMON_BLOCKS = YES;
				GCC_OPTIMIZATION_LEVEL = 0;
				GCC_PREPROCESSOR_DEFINITIONS = (
					"DEBUG=1",
					"$(inherited)",
				);
				GCC_WARN_64_TO_32_BIT_CONVERSION = YES;
				GCC_WARN_ABOUT_RETURN_TYPE = YES_ERROR;
				GCC_WARN_UNDECLARED_SELECTOR = YES;
				GCC_WARN_UNINITIALIZED_AUTOS = YES_AGGRESSIVE;
				GCC_WARN_UNUSED_FUNCTION = YES;
				GCC_WARN_UNUSED_VARIABLE = YES;
				IPHONEOS_DEPLOYMENT_TARGET = 10.3;
				MTL_ENABLE_DEBUG_INFO = YES;
				ONLY_ACTIVE_ARCH = YES;
				SDKROOT = iphoneos;
				SWIFT_ACTIVE_COMPILATION_CONDITIONS = DEBUG;
				SWIFT_OPTIMIZATION_LEVEL = "-Onone";
				TARGETED_DEVICE_FAMILY = "1,2";
			};
			name = Debug;
		};
		E09DA0BE1ECB717F008BC645 /* Release */ = {
			isa = XCBuildConfiguration;
			buildSettings = {
				ALWAYS_SEARCH_USER_PATHS = NO;
				CLANG_ANALYZER_NONNULL = YES;
				CLANG_ANALYZER_NUMBER_OBJECT_CONVERSION = YES_AGGRESSIVE;
				CLANG_CXX_LANGUAGE_STANDARD = "gnu++0x";
				CLANG_CXX_LIBRARY = "libc++";
				CLANG_ENABLE_MODULES = YES;
				CLANG_ENABLE_OBJC_ARC = YES;
				CLANG_WARN_BOOL_CONVERSION = YES;
				CLANG_WARN_CONSTANT_CONVERSION = YES;
				CLANG_WARN_DIRECT_OBJC_ISA_USAGE = YES_ERROR;
				CLANG_WARN_DOCUMENTATION_COMMENTS = YES;
				CLANG_WARN_EMPTY_BODY = YES;
				CLANG_WARN_ENUM_CONVERSION = YES;
				CLANG_WARN_INFINITE_RECURSION = YES;
				CLANG_WARN_INT_CONVERSION = YES;
				CLANG_WARN_OBJC_ROOT_CLASS = YES_ERROR;
				CLANG_WARN_SUSPICIOUS_MOVE = YES;
				CLANG_WARN_UNREACHABLE_CODE = YES;
				CLANG_WARN__DUPLICATE_METHOD_MATCH = YES;
				"CODE_SIGN_IDENTITY[sdk=iphoneos*]" = "iPhone Developer";
				COPY_PHASE_STRIP = NO;
				DEBUG_INFORMATION_FORMAT = "dwarf-with-dsym";
				ENABLE_NS_ASSERTIONS = NO;
				ENABLE_STRICT_OBJC_MSGSEND = YES;
				GCC_C_LANGUAGE_STANDARD = gnu99;
				GCC_NO_COMMON_BLOCKS = YES;
				GCC_WARN_64_TO_32_BIT_CONVERSION = YES;
				GCC_WARN_ABOUT_RETURN_TYPE = YES_ERROR;
				GCC_WARN_UNDECLARED_SELECTOR = YES;
				GCC_WARN_UNINITIALIZED_AUTOS = YES_AGGRESSIVE;
				GCC_WARN_UNUSED_FUNCTION = YES;
				GCC_WARN_UNUSED_VARIABLE = YES;
				IPHONEOS_DEPLOYMENT_TARGET = 10.3;
				MTL_ENABLE_DEBUG_INFO = NO;
				SDKROOT = iphoneos;
				SWIFT_OPTIMIZATION_LEVEL = "-Owholemodule";
				TARGETED_DEVICE_FAMILY = "1,2";
				VALIDATE_PRODUCT = YES;
			};
			name = Release;
		};
		E09DA0C01ECB717F008BC645 /* Debug */ = {
			isa = XCBuildConfiguration;
			buildSettings = {
				ASSETCATALOG_COMPILER_APPICON_NAME = AppIcon;
				DEVELOPMENT_TEAM = AS82F53XC3;
				INFOPLIST_FILE = "Understanding Touch Gestures/Info.plist";
				LD_RUNPATH_SEARCH_PATHS = "$(inherited) @executable_path/Frameworks";
				PRODUCT_BUNDLE_IDENTIFIER = "CeriOS.Understanding-Touch-Gestures";
				PRODUCT_NAME = "$(TARGET_NAME)";
				SWIFT_VERSION = 3.0;
			};
			name = Debug;
		};
		E09DA0C11ECB717F008BC645 /* Release */ = {
			isa = XCBuildConfiguration;
			buildSettings = {
				ASSETCATALOG_COMPILER_APPICON_NAME = AppIcon;
				DEVELOPMENT_TEAM = AS82F53XC3;
				INFOPLIST_FILE = "Understanding Touch Gestures/Info.plist";
				LD_RUNPATH_SEARCH_PATHS = "$(inherited) @executable_path/Frameworks";
				PRODUCT_BUNDLE_IDENTIFIER = "CeriOS.Understanding-Touch-Gestures";
				PRODUCT_NAME = "$(TARGET_NAME)";
				SWIFT_VERSION = 3.0;
			};
			name = Release;
		};
		E09DA0C31ECB717F008BC645 /* Debug */ = {
			isa = XCBuildConfiguration;
			buildSettings = {
				ALWAYS_EMBED_SWIFT_STANDARD_LIBRARIES = YES;
				BUNDLE_LOADER = "$(TEST_HOST)";
				DEVELOPMENT_TEAM = AS82F53XC3;
				INFOPLIST_FILE = "Understanding Touch GesturesTests/Info.plist";
				LD_RUNPATH_SEARCH_PATHS = "$(inherited) @executable_path/Frameworks @loader_path/Frameworks";
				PRODUCT_BUNDLE_IDENTIFIER = "CeriOS.Understanding-Touch-GesturesTests";
				PRODUCT_NAME = "$(TARGET_NAME)";
				SWIFT_VERSION = 3.0;
				TEST_HOST = "$(BUILT_PRODUCTS_DIR)/Understanding Touch Gestures.app/Understanding Touch Gestures";
			};
			name = Debug;
		};
		E09DA0C41ECB717F008BC645 /* Release */ = {
			isa = XCBuildConfiguration;
			buildSettings = {
				ALWAYS_EMBED_SWIFT_STANDARD_LIBRARIES = YES;
				BUNDLE_LOADER = "$(TEST_HOST)";
				DEVELOPMENT_TEAM = AS82F53XC3;
				INFOPLIST_FILE = "Understanding Touch GesturesTests/Info.plist";
				LD_RUNPATH_SEARCH_PATHS = "$(inherited) @executable_path/Frameworks @loader_path/Frameworks";
				PRODUCT_BUNDLE_IDENTIFIER = "CeriOS.Understanding-Touch-GesturesTests";
				PRODUCT_NAME = "$(TARGET_NAME)";
				SWIFT_VERSION = 3.0;
				TEST_HOST = "$(BUILT_PRODUCTS_DIR)/Understanding Touch Gestures.app/Understanding Touch Gestures";
			};
			name = Release;
		};
		E09DA0C61ECB717F008BC645 /* Debug */ = {
			isa = XCBuildConfiguration;
			buildSettings = {
				ALWAYS_EMBED_SWIFT_STANDARD_LIBRARIES = YES;
				DEVELOPMENT_TEAM = AS82F53XC3;
				INFOPLIST_FILE = "Understanding Touch GesturesUITests/Info.plist";
				LD_RUNPATH_SEARCH_PATHS = "$(inherited) @executable_path/Frameworks @loader_path/Frameworks";
				PRODUCT_BUNDLE_IDENTIFIER = "CeriOS.Understanding-Touch-GesturesUITests";
				PRODUCT_NAME = "$(TARGET_NAME)";
				SWIFT_VERSION = 3.0;
				TEST_TARGET_NAME = "Understanding Touch Gestures";
			};
			name = Debug;
		};
		E09DA0C71ECB717F008BC645 /* Release */ = {
			isa = XCBuildConfiguration;
			buildSettings = {
				ALWAYS_EMBED_SWIFT_STANDARD_LIBRARIES = YES;
				DEVELOPMENT_TEAM = AS82F53XC3;
				INFOPLIST_FILE = "Understanding Touch GesturesUITests/Info.plist";
				LD_RUNPATH_SEARCH_PATHS = "$(inherited) @executable_path/Frameworks @loader_path/Frameworks";
				PRODUCT_BUNDLE_IDENTIFIER = "CeriOS.Understanding-Touch-GesturesUITests";
				PRODUCT_NAME = "$(TARGET_NAME)";
				SWIFT_VERSION = 3.0;
				TEST_TARGET_NAME = "Understanding Touch Gestures";
			};
			name = Release;
		};
/* End XCBuildConfiguration section */

/* Begin XCConfigurationList section */
		E09DA0921ECB717F008BC645 /* Build configuration list for PBXProject "Understanding Touch Gestures" */ = {
			isa = XCConfigurationList;
			buildConfigurations = (
				E09DA0BD1ECB717F008BC645 /* Debug */,
				E09DA0BE1ECB717F008BC645 /* Release */,
			);
			defaultConfigurationIsVisible = 0;
			defaultConfigurationName = Release;
		};
		E09DA0BF1ECB717F008BC645 /* Build configuration list for PBXNativeTarget "Understanding Touch Gestures" */ = {
			isa = XCConfigurationList;
			buildConfigurations = (
				E09DA0C01ECB717F008BC645 /* Debug */,
				E09DA0C11ECB717F008BC645 /* Release */,
			);
			defaultConfigurationIsVisible = 0;
		};
		E09DA0C21ECB717F008BC645 /* Build configuration list for PBXNativeTarget "Understanding Touch GesturesTests" */ = {
			isa = XCConfigurationList;
			buildConfigurations = (
				E09DA0C31ECB717F008BC645 /* Debug */,
				E09DA0C41ECB717F008BC645 /* Release */,
			);
			defaultConfigurationIsVisible = 0;
		};
		E09DA0C51ECB717F008BC645 /* Build configuration list for PBXNativeTarget "Understanding Touch GesturesUITests" */ = {
			isa = XCConfigurationList;
			buildConfigurations = (
				E09DA0C61ECB717F008BC645 /* Debug */,
				E09DA0C71ECB717F008BC645 /* Release */,
			);
			defaultConfigurationIsVisible = 0;
		};
/* End XCConfigurationList section */
	};
	rootObject = E09DA08F1ECB717F008BC645 /* Project object */;
}
